
Microsoft Visual Studio Solution File, Format Version 12.00
# Visual Studio Version 17
VisualStudioVersion = 17.12.35506.116
MinimumVisualStudioVersion = 10.0.40219.1
Project("{FAE04EC0-301F-11D3-BF4B-00C04F79EFBC}") = "TrApp.RestApi", "TrApp\TrApp.RestApi.csproj", "{7D9A52C9-F566-4180-BDD8-FA2C14CA319A}"
EndProject
Project("{FAE04EC0-301F-11D3-BF4B-00C04F79EFBC}") = "Tests", "Tests\Tests.csproj", "{5D7B1AEE-9725-4760-BE8D-4217E6E9D726}"
EndProject
Project("{FAE04EC0-301F-11D3-BF4B-00C04F79EFBC}") = "TrApp.Infrastructure", "TrApp.Infrastructure\TrApp.Infrastructure.csproj", "{A7314D17-DCF7-4186-A2DF-A3781A957DBD}"
EndProject
Project("{FAE04EC0-301F-11D3-BF4B-00C04F79EFBC}") = "TrApp.Domain", "TrApp.Domain\TrApp.Domain.csproj", "{CD6EC3FF-E8FB-48CE-9DAA-0F6A2DDF9032}"
EndProject
Project("{FAE04EC0-301F-11D3-BF4B-00C04F79EFBC}") = "TrApp.Application", "TrApp.Application\TrApp.Application.csproj", "{637C3378-19BE-4813-9A9D-CAC4D72698DA}"
EndProject
Global
	GlobalSection(SolutionConfigurationPlatforms) = preSolution
		Debug|Any CPU = Debug|Any CPU
		Release|Any CPU = Release|Any CPU
	EndGlobalSection
	GlobalSection(ProjectConfigurationPlatforms) = postSolution
		{7D9A52C9-F566-4180-BDD8-FA2C14CA319A}.Debug|Any CPU.ActiveCfg = Debug|Any CPU
		{7D9A52C9-F566-4180-BDD8-FA2C14CA319A}.Debug|Any CPU.Build.0 = Debug|Any CPU
		{7D9A52C9-F566-4180-BDD8-FA2C14CA319A}.Release|Any CPU.ActiveCfg = Release|Any CPU
		{7D9A52C9-F566-4180-BDD8-FA2C14CA319A}.Release|Any CPU.Build.0 = Release|Any CPU
		{5D7B1AEE-9725-4760-BE8D-4217E6E9D726}.Debug|Any CPU.ActiveCfg = Debug|Any CPU
		{5D7B1AEE-9725-4760-BE8D-4217E6E9D726}.Debug|Any CPU.Build.0 = Debug|Any CPU
		{5D7B1AEE-9725-4760-BE8D-4217E6E9D726}.Release|Any CPU.ActiveCfg = Release|Any CPU
		{5D7B1AEE-9725-4760-BE8D-4217E6E9D726}.Release|Any CPU.Build.0 = Release|Any CPU
		{A7314D17-DCF7-4186-A2DF-A3781A957DBD}.Debug|Any CPU.ActiveCfg = Debug|Any CPU
		{A7314D17-DCF7-4186-A2DF-A3781A957DBD}.Debug|Any CPU.Build.0 = Debug|Any CPU
		{A7314D17-DCF7-4186-A2DF-A3781A957DBD}.Release|Any CPU.ActiveCfg = Release|Any CPU
		{A7314D17-DCF7-4186-A2DF-A3781A957DBD}.Release|Any CPU.Build.0 = Release|Any CPU
		{CD6EC3FF-E8FB-48CE-9DAA-0F6A2DDF9032}.Debug|Any CPU.ActiveCfg = Debug|Any CPU
		{CD6EC3FF-E8FB-48CE-9DAA-0F6A2DDF9032}.Debug|Any CPU.Build.0 = Debug|Any CPU
		{CD6EC3FF-E8FB-48CE-9DAA-0F6A2DDF9032}.Release|Any CPU.ActiveCfg = Release|Any CPU
		{CD6EC3FF-E8FB-48CE-9DAA-0F6A2DDF9032}.Release|Any CPU.Build.0 = Release|Any CPU
		{637C3378-19BE-4813-9A9D-CAC4D72698DA}.Debug|Any CPU.ActiveCfg = Debug|Any CPU
		{637C3378-19BE-4813-9A9D-CAC4D72698DA}.Debug|Any CPU.Build.0 = Debug|Any CPU
		{637C3378-19BE-4813-9A9D-CAC4D72698DA}.Release|Any CPU.ActiveCfg = Release|Any CPU
		{637C3378-19BE-4813-9A9D-CAC4D72698DA}.Release|Any CPU.Build.0 = Release|Any CPU
	EndGlobalSection
	GlobalSection(SolutionProperties) = preSolution
		HideSolutionNode = FALSE
	EndGlobalSection
EndGlobal
